
Microsoft Visual Studio Solution File, Format Version 12.00
# Visual Studio Version 16
VisualStudioVersion = 16.0.29025.244
MinimumVisualStudioVersion = 10.0.40219.1
Project("{9A19103F-16F7-4668-BE54-9A1E7A4F7556}") = "Unisinos.CaseStudy.API", "source\Unisinos.CaseStudy.Api\Unisinos.CaseStudy.API.csproj", "{67B117AE-EBAF-48AD-8F3D-4A4BC6599EFE}"
EndProject
Project("{9A19103F-16F7-4668-BE54-9A1E7A4F7556}") = "Unisinos.CaseStudy.Shared", "source\Unisinos.CaseStudy.Shared\Unisinos.CaseStudy.Shared.csproj", "{E4D814DD-AF8D-451B-94FC-9AA1845F1E43}"
EndProject
Project("{9A19103F-16F7-4668-BE54-9A1E7A4F7556}") = "Unisinos.CaseStudy.Tests", "source\Unisinos.CaseStudy.Tests\Unisinos.CaseStudy.Tests.csproj", "{1D8F7503-2901-41DB-93EF-68F92588AE5E}"
EndProject
Project("{9A19103F-16F7-4668-BE54-9A1E7A4F7556}") = "Unisinos.CaseStudy.Business", "source\Unisinos.CaseStudy.Business\Unisinos.CaseStudy.Business.csproj", "{9BFD3F21-47B0-4F73-9730-04A8ECBA1AE7}"
EndProject
Project("{9A19103F-16F7-4668-BE54-9A1E7A4F7556}") = "Unisinos.CaseStudy.Data", "source\Unisinos.CaseStudy.Data\Unisinos.CaseStudy.Data.csproj", "{12FB7FA0-9BD1-498D-B179-975D30557CFF}"
EndProject
Global
	GlobalSection(SolutionConfigurationPlatforms) = preSolution
		Debug|Any CPU = Debug|Any CPU
		Release|Any CPU = Release|Any CPU
	EndGlobalSection
	GlobalSection(ProjectConfigurationPlatforms) = postSolution
		{67B117AE-EBAF-48AD-8F3D-4A4BC6599EFE}.Debug|Any CPU.ActiveCfg = Debug|Any CPU
		{67B117AE-EBAF-48AD-8F3D-4A4BC6599EFE}.Debug|Any CPU.Build.0 = Debug|Any CPU
		{67B117AE-EBAF-48AD-8F3D-4A4BC6599EFE}.Release|Any CPU.ActiveCfg = Release|Any CPU
		{67B117AE-EBAF-48AD-8F3D-4A4BC6599EFE}.Release|Any CPU.Build.0 = Release|Any CPU
		{E4D814DD-AF8D-451B-94FC-9AA1845F1E43}.Debug|Any CPU.ActiveCfg = Debug|Any CPU
		{E4D814DD-AF8D-451B-94FC-9AA1845F1E43}.Debug|Any CPU.Build.0 = Debug|Any CPU
		{E4D814DD-AF8D-451B-94FC-9AA1845F1E43}.Release|Any CPU.ActiveCfg = Release|Any CPU
		{E4D814DD-AF8D-451B-94FC-9AA1845F1E43}.Release|Any CPU.Build.0 = Release|Any CPU
		{1D8F7503-2901-41DB-93EF-68F92588AE5E}.Debug|Any CPU.ActiveCfg = Debug|Any CPU
		{1D8F7503-2901-41DB-93EF-68F92588AE5E}.Debug|Any CPU.Build.0 = Debug|Any CPU
		{1D8F7503-2901-41DB-93EF-68F92588AE5E}.Release|Any CPU.ActiveCfg = Release|Any CPU
		{1D8F7503-2901-41DB-93EF-68F92588AE5E}.Release|Any CPU.Build.0 = Release|Any CPU
		{9BFD3F21-47B0-4F73-9730-04A8ECBA1AE7}.Debug|Any CPU.ActiveCfg = Debug|Any CPU
		{9BFD3F21-47B0-4F73-9730-04A8ECBA1AE7}.Debug|Any CPU.Build.0 = Debug|Any CPU
		{9BFD3F21-47B0-4F73-9730-04A8ECBA1AE7}.Release|Any CPU.ActiveCfg = Release|Any CPU
		{9BFD3F21-47B0-4F73-9730-04A8ECBA1AE7}.Release|Any CPU.Build.0 = Release|Any CPU
		{12FB7FA0-9BD1-498D-B179-975D30557CFF}.Debug|Any CPU.ActiveCfg = Debug|Any CPU
		{12FB7FA0-9BD1-498D-B179-975D30557CFF}.Debug|Any CPU.Build.0 = Debug|Any CPU
		{12FB7FA0-9BD1-498D-B179-975D30557CFF}.Release|Any CPU.ActiveCfg = Release|Any CPU
		{12FB7FA0-9BD1-498D-B179-975D30557CFF}.Release|Any CPU.Build.0 = Release|Any CPU
	EndGlobalSection
	GlobalSection(SolutionProperties) = preSolution
		HideSolutionNode = FALSE
	EndGlobalSection
	GlobalSection(ExtensibilityGlobals) = postSolution
		SolutionGuid = {989E6CBA-A511-42FA-B581-24A7E8FDF800}
	EndGlobalSection
EndGlobal
